
Microsoft Visual Studio Solution File, Format Version 12.00
# Visual Studio Version 16
VisualStudioVersion = 16.0.30907.101
MinimumVisualStudioVersion = 10.0.40219.1
Project("{FAE04EC0-301F-11D3-BF4B-00C04F79EFBC}") = "zenZoneApp", "zenZoneApp.csproj", "{9CC1B4D9-B27F-4070-AE88-FCE7D5DC013F}"
EndProject
Global
	GlobalSection(SolutionConfigurationPlatforms) = preSolution
		Debug|Any CPU = Debug|Any CPU
		Release|Any CPU = Release|Any CPU
	EndGlobalSection
	GlobalSection(ProjectConfigurationPlatforms) = postSolution
		{9CC1B4D9-B27F-4070-AE88-FCE7D5DC013F}.Debug|Any CPU.ActiveCfg = Debug|Any CPU
		{9CC1B4D9-B27F-4070-AE88-FCE7D5DC013F}.Debug|Any CPU.Build.0 = Debug|Any CPU
		{9CC1B4D9-B27F-4070-AE88-FCE7D5DC013F}.Release|Any CPU.ActiveCfg = Release|Any CPU
		{9CC1B4D9-B27F-4070-AE88-FCE7D5DC013F}.Release|Any CPU.Build.0 = Release|Any CPU
	EndGlobalSection
	GlobalSection(SolutionProperties) = preSolution
		HideSolutionNode = FALSE
	EndGlobalSection
	GlobalSection(ExtensibilityGlobals) = postSolution
		SolutionGuid = {AC354701-DBE4-415C-B6A9-3B3CE80B3CBB}
	EndGlobalSection
EndGlobal
